// !$*UTF8*$!
{
	archiveVersion = 1;
	classes = {
	};
	objectVersion = 56;
	objects = {

/* Begin PBXBuildFile section */
		41C164E129899A760070AECE /* AppDelegate.swift in Sources */ = {isa = PBXBuildFile; fileRef = 41C164E029899A760070AECE /* AppDelegate.swift */; };
		41C164E329899A760070AECE /* SceneDelegate.swift in Sources */ = {isa = PBXBuildFile; fileRef = 41C164E229899A760070AECE /* SceneDelegate.swift */; };
		41C164E529899A760070AECE /* ViewController.swift in Sources */ = {isa = PBXBuildFile; fileRef = 41C164E429899A760070AECE /* ViewController.swift */; };
		41C164E829899A760070AECE /* Main.storyboard in Resources */ = {isa = PBXBuildFile; fileRef = 41C164E629899A760070AECE /* Main.storyboard */; };
		41C164EA29899A780070AECE /* Assets.xcassets in Resources */ = {isa = PBXBuildFile; fileRef = 41C164E929899A780070AECE /* Assets.xcassets */; };
		41C164ED29899A780070AECE /* LaunchScreen.storyboard in Resources */ = {isa = PBXBuildFile; fileRef = 41C164EB29899A780070AECE /* LaunchScreen.storyboard */; };
		41C164FC298A51E60070AECE /* QuestionViewController.swift in Sources */ = {isa = PBXBuildFile; fileRef = 41C164FB298A51E60070AECE /* QuestionViewController.swift */; };
		41C164FE298A5B2D0070AECE /* FinalViewController.swift in Sources */ = {isa = PBXBuildFile; fileRef = 41C164FD298A5B2D0070AECE /* FinalViewController.swift */; };
		41C16500298A921C0070AECE /* Question.swift in Sources */ = {isa = PBXBuildFile; fileRef = 41C164FF298A921C0070AECE /* Question.swift */; };
		41C16502298A92290070AECE /* Answer.swift in Sources */ = {isa = PBXBuildFile; fileRef = 41C16501298A92280070AECE /* Answer.swift */; };
/* End PBXBuildFile section */

/* Begin PBXFileReference section */
		41C164DD29899A760070AECE /* AnimalQuiz.app */ = {isa = PBXFileReference; explicitFileType = wrapper.application; includeInIndex = 0; path = AnimalQuiz.app; sourceTree = BUILT_PRODUCTS_DIR; };
		41C164E029899A760070AECE /* AppDelegate.swift */ = {isa = PBXFileReference; lastKnownFileType = sourcecode.swift; path = AppDelegate.swift; sourceTree = "<group>"; };
		41C164E229899A760070AECE /* SceneDelegate.swift */ = {isa = PBXFileReference; lastKnownFileType = sourcecode.swift; path = SceneDelegate.swift; sourceTree = "<group>"; };
		41C164E429899A760070AECE /* ViewController.swift */ = {isa = PBXFileReference; lastKnownFileType = sourcecode.swift; path = ViewController.swift; sourceTree = "<group>"; };
		41C164E729899A760070AECE /* Base */ = {isa = PBXFileReference; lastKnownFileType = file.storyboard; name = Base; path = Base.lproj/Main.storyboard; sourceTree = "<group>"; };
		41C164E929899A780070AECE /* Assets.xcassets */ = {isa = PBXFileReference; lastKnownFileType = folder.assetcatalog; path = Assets.xcassets; sourceTree = "<group>"; };
		41C164EC29899A780070AECE /* Base */ = {isa = PBXFileReference; lastKnownFileType = file.storyboard; name = Base; path = Base.lproj/LaunchScreen.storyboard; sourceTree = "<group>"; };
		41C164EE29899A780070AECE /* Info.plist */ = {isa = PBXFileReference; lastKnownFileType = text.plist.xml; name = Info.plist; path = "AnimalQuiz/Supporting Files/Info.plist"; sourceTree = SOURCE_ROOT; };
		41C164FB298A51E60070AECE /* QuestionViewController.swift */ = {isa = PBXFileReference; lastKnownFileType = sourcecode.swift; path = QuestionViewController.swift; sourceTree = "<group>"; };
		41C164FD298A5B2D0070AECE /* FinalViewController.swift */ = {isa = PBXFileReference; lastKnownFileType = sourcecode.swift; path = FinalViewController.swift; sourceTree = "<group>"; };
		41C164FF298A921C0070AECE /* Question.swift */ = {isa = PBXFileReference; lastKnownFileType = sourcecode.swift; path = Question.swift; sourceTree = "<group>"; };
		41C16501298A92280070AECE /* Answer.swift */ = {isa = PBXFileReference; lastKnownFileType = sourcecode.swift; path = Answer.swift; sourceTree = "<group>"; };
/* End PBXFileReference section */

/* Begin PBXFrameworksBuildPhase section */
		41C164DA29899A760070AECE /* Frameworks */ = {
			isa = PBXFrameworksBuildPhase;
			buildActionMask = 2147483647;
			files = (
			);
			runOnlyForDeploymentPostprocessing = 0;
		};
/* End PBXFrameworksBuildPhase section */

/* Begin PBXGroup section */
		41C164D429899A750070AECE = {
			isa = PBXGroup;
			children = (
				41C164DF29899A760070AECE /* AnimalQuiz */,
				41C164DE29899A760070AECE /* Products */,
			);
			sourceTree = "<group>";
		};
		41C164DE29899A760070AECE /* Products */ = {
			isa = PBXGroup;
			children = (
				41C164DD29899A760070AECE /* AnimalQuiz.app */,
			);
			name = Products;
			sourceTree = "<group>";
		};
		41C164DF29899A760070AECE /* AnimalQuiz */ = {
			isa = PBXGroup;
			children = (
				41C164F829899DCB0070AECE /* Resourses */,
				41C164F729899DBC0070AECE /* Models */,
				41C164F629899DA10070AECE /* View Controllers */,
				41C164F529899D7B0070AECE /* Supporting Files */,
				41C164F429899CD60070AECE /* Storyboards */,
			);
			path = AnimalQuiz;
			sourceTree = "<group>";
		};
		41C164F429899CD60070AECE /* Storyboards */ = {
			isa = PBXGroup;
			children = (
				41C164E629899A760070AECE /* Main.storyboard */,
				41C164EB29899A780070AECE /* LaunchScreen.storyboard */,
			);
			path = Storyboards;
			sourceTree = "<group>";
		};
		41C164F529899D7B0070AECE /* Supporting Files */ = {
			isa = PBXGroup;
			children = (
				41C164EE29899A780070AECE /* Info.plist */,
				41C164E029899A760070AECE /* AppDelegate.swift */,
				41C164E229899A760070AECE /* SceneDelegate.swift */,
			);
			path = "Supporting Files";
			sourceTree = "<group>";
		};
		41C164F629899DA10070AECE /* View Controllers */ = {
			isa = PBXGroup;
			children = (
				41C164E429899A760070AECE /* ViewController.swift */,
				41C164FB298A51E60070AECE /* QuestionViewController.swift */,
				41C164FD298A5B2D0070AECE /* FinalViewController.swift */,
			);
			path = "View Controllers";
			sourceTree = "<group>";
		};
		41C164F729899DBC0070AECE /* Models */ = {
			isa = PBXGroup;
			children = (
				41C164FF298A921C0070AECE /* Question.swift */,
				41C16501298A92280070AECE /* Answer.swift */,
			);
			path = Models;
			sourceTree = "<group>";
		};
		41C164F829899DCB0070AECE /* Resourses */ = {
			isa = PBXGroup;
			children = (
				41C164E929899A780070AECE /* Assets.xcassets */,
			);
			path = Resourses;
			sourceTree = "<group>";
		};
/* End PBXGroup section */

/* Begin PBXNativeTarget section */
		41C164DC29899A760070AECE /* AnimalQuiz */ = {
			isa = PBXNativeTarget;
			buildConfigurationList = 41C164F129899A780070AECE /* Build configuration list for PBXNativeTarget "AnimalQuiz" */;
			buildPhases = (
				41C164D929899A760070AECE /* Sources */,
				41C164DA29899A760070AECE /* Frameworks */,
				41C164DB29899A760070AECE /* Resources */,
			);
			buildRules = (
			);
			dependencies = (
			);
			name = AnimalQuiz;
			productName = AnimalQuiz;
			productReference = 41C164DD29899A760070AECE /* AnimalQuiz.app */;
			productType = "com.apple.product-type.application";
		};
/* End PBXNativeTarget section */

/* Begin PBXProject section */
		41C164D529899A750070AECE /* Project object */ = {
			isa = PBXProject;
			attributes = {
				BuildIndependentTargetsInParallel = 1;
				LastSwiftUpdateCheck = 1400;
				LastUpgradeCheck = 1400;
				TargetAttributes = {
					41C164DC29899A760070AECE = {
						CreatedOnToolsVersion = 14.0.1;
					};
				};
			};
			buildConfigurationList = 41C164D829899A750070AECE /* Build configuration list for PBXProject "AnimalQuiz" */;
			compatibilityVersion = "Xcode 14.0";
			developmentRegion = en;
			hasScannedForEncodings = 0;
			knownRegions = (
				en,
				Base,
			);
			mainGroup = 41C164D429899A750070AECE;
			productRefGroup = 41C164DE29899A760070AECE /* Products */;
			projectDirPath = "";
			projectRoot = "";
			targets = (
				41C164DC29899A760070AECE /* AnimalQuiz */,
			);
		};
/* End PBXProject section */

/* Begin PBXResourcesBuildPhase section */
		41C164DB29899A760070AECE /* Resources */ = {
			isa = PBXResourcesBuildPhase;
			buildActionMask = 2147483647;
			files = (
				41C164ED29899A780070AECE /* LaunchScreen.storyboard in Resources */,
				41C164EA29899A780070AECE /* Assets.xcassets in Resources */,
				41C164E829899A760070AECE /* Main.storyboard in Resources */,
			);
			runOnlyForDeploymentPostprocessing = 0;
		};
/* End PBXResourcesBuildPhase section */

/* Begin PBXSourcesBuildPhase section */
		41C164D929899A760070AECE /* Sources */ = {
			isa = PBXSourcesBuildPhase;
			buildActionMask = 2147483647;
			files = (
				41C164FE298A5B2D0070AECE /* FinalViewController.swift in Sources */,
				41C164E529899A760070AECE /* ViewController.swift in Sources */,
				41C164E129899A760070AECE /* AppDelegate.swift in Sources */,
				41C16502298A92290070AECE /* Answer.swift in Sources */,
				41C16500298A921C0070AECE /* Question.swift in Sources */,
				41C164FC298A51E60070AECE /* QuestionViewController.swift in Sources */,
				41C164E329899A760070AECE /* SceneDelegate.swift in Sources */,
			);
			runOnlyForDeploymentPostprocessing = 0;
		};
/* End PBXSourcesBuildPhase section */

/* Begin PBXVariantGroup section */
		41C164E629899A760070AECE /* Main.storyboard */ = {
			isa = PBXVariantGroup;
			children = (
				41C164E729899A760070AECE /* Base */,
			);
			name = Main.storyboard;
			sourceTree = "<group>";
		};
		41C164EB29899A780070AECE /* LaunchScreen.storyboard */ = {
			isa = PBXVariantGroup;
			children = (
				41C164EC29899A780070AECE /* Base */,
			);
			name = LaunchScreen.storyboard;
			sourceTree = "<group>";
		};
/* End PBXVariantGroup section */

/* Begin XCBuildConfiguration section */
		41C164EF29899A780070AECE /* Debug */ = {
			isa = XCBuildConfiguration;
			buildSettings = {
				ALWAYS_SEARCH_USER_PATHS = NO;
				CLANG_ANALYZER_NONNULL = YES;
				CLANG_ANALYZER_NUMBER_OBJECT_CONVERSION = YES_AGGRESSIVE;
				CLANG_CXX_LANGUAGE_STANDARD = "gnu++20";
				CLANG_ENABLE_MODULES = YES;
				CLANG_ENABLE_OBJC_ARC = YES;
				CLANG_ENABLE_OBJC_WEAK = YES;
				CLANG_WARN_BLOCK_CAPTURE_AUTORELEASING = YES;
				CLANG_WARN_BOOL_CONVERSION = YES;
				CLANG_WARN_COMMA = YES;
				CLANG_WARN_CONSTANT_CONVERSION = YES;
				CLANG_WARN_DEPRECATED_OBJC_IMPLEMENTATIONS = YES;
				CLANG_WARN_DIRECT_OBJC_ISA_USAGE = YES_ERROR;
				CLANG_WARN_DOCUMENTATION_COMMENTS = YES;
				CLANG_WARN_EMPTY_BODY = YES;
				CLANG_WARN_ENUM_CONVERSION = YES;
				CLANG_WARN_INFINITE_RECURSION = YES;
				CLANG_WARN_INT_CONVERSION = YES;
				CLANG_WARN_NON_LITERAL_NULL_CONVERSION = YES;
				CLANG_WARN_OBJC_IMPLICIT_RETAIN_SELF = YES;
				CLANG_WARN_OBJC_LITERAL_CONVERSION = YES;
				CLANG_WARN_OBJC_ROOT_CLASS = YES_ERROR;
				CLANG_WARN_QUOTED_INCLUDE_IN_FRAMEWORK_HEADER = YES;
				CLANG_WARN_RANGE_LOOP_ANALYSIS = YES;
				CLANG_WARN_STRICT_PROTOTYPES = YES;
				CLANG_WARN_SUSPICIOUS_MOVE = YES;
				CLANG_WARN_UNGUARDED_AVAILABILITY = YES_AGGRESSIVE;
				CLANG_WARN_UNREACHABLE_CODE = YES;
				CLANG_WARN__DUPLICATE_METHOD_MATCH = YES;
				COPY_PHASE_STRIP = NO;
				DEBUG_INFORMATION_FORMAT = dwarf;
				ENABLE_STRICT_OBJC_MSGSEND = YES;
				ENABLE_TESTABILITY = YES;
				GCC_C_LANGUAGE_STANDARD = gnu11;
				GCC_DYNAMIC_NO_PIC = NO;
				GCC_NO_COMMON_BLOCKS = YES;
				GCC_OPTIMIZATION_LEVEL = 0;
				GCC_PREPROCESSOR_DEFINITIONS = (
					"DEBUG=1",
					"$(inherited)",
				);
				GCC_WARN_64_TO_32_BIT_CONVERSION = YES;
				GCC_WARN_ABOUT_RETURN_TYPE = YES_ERROR;
				GCC_WARN_UNDECLARED_SELECTOR = YES;
				GCC_WARN_UNINITIALIZED_AUTOS = YES_AGGRESSIVE;
				GCC_WARN_UNUSED_FUNCTION = YES;
				GCC_WARN_UNUSED_VARIABLE = YES;
				IPHONEOS_DEPLOYMENT_TARGET = 16.0;
				MTL_ENABLE_DEBUG_INFO = INCLUDE_SOURCE;
				MTL_FAST_MATH = YES;
				ONLY_ACTIVE_ARCH = YES;
				SDKROOT = iphoneos;
				SWIFT_ACTIVE_COMPILATION_CONDITIONS = DEBUG;
				SWIFT_OPTIMIZATION_LEVEL = "-Onone";
			};
			name = Debug;
		};
		41C164F029899A780070AECE /* Release */ = {
			isa = XCBuildConfiguration;
			buildSettings = {
				ALWAYS_SEARCH_USER_PATHS = NO;
				CLANG_ANALYZER_NONNULL = YES;
				CLANG_ANALYZER_NUMBER_OBJECT_CONVERSION = YES_AGGRESSIVE;
				CLANG_CXX_LANGUAGE_STANDARD = "gnu++20";
				CLANG_ENABLE_MODULES = YES;
				CLANG_ENABLE_OBJC_ARC = YES;
				CLANG_ENABLE_OBJC_WEAK = YES;
				CLANG_WARN_BLOCK_CAPTURE_AUTORELEASING = YES;
				CLANG_WARN_BOOL_CONVERSION = YES;
				CLANG_WARN_COMMA = YES;
				CLANG_WARN_CONSTANT_CONVERSION = YES;
				CLANG_WARN_DEPRECATED_OBJC_IMPLEMENTATIONS = YES;
				CLANG_WARN_DIRECT_OBJC_ISA_USAGE = YES_ERROR;
				CLANG_WARN_DOCUMENTATION_COMMENTS = YES;
				CLANG_WARN_EMPTY_BODY = YES;
				CLANG_WARN_ENUM_CONVERSION = YES;
				CLANG_WARN_INFINITE_RECURSION = YES;
				CLANG_WARN_INT_CONVERSION = YES;
				CLANG_WARN_NON_LITERAL_NULL_CONVERSION = YES;
				CLANG_WARN_OBJC_IMPLICIT_RETAIN_SELF = YES;
				CLANG_WARN_OBJC_LITERAL_CONVERSION = YES;
				CLANG_WARN_OBJC_ROOT_CLASS = YES_ERROR;
				CLANG_WARN_QUOTED_INCLUDE_IN_FRAMEWORK_HEADER = YES;
				CLANG_WARN_RANGE_LOOP_ANALYSIS = YES;
				CLANG_WARN_STRICT_PROTOTYPES = YES;
				CLANG_WARN_SUSPICIOUS_MOVE = YES;
				CLANG_WARN_UNGUARDED_AVAILABILITY = YES_AGGRESSIVE;
				CLANG_WARN_UNREACHABLE_CODE = YES;
				CLANG_WARN__DUPLICATE_METHOD_MATCH = YES;
				COPY_PHASE_STRIP = NO;
				DEBUG_INFORMATION_FORMAT = "dwarf-with-dsym";
				ENABLE_NS_ASSERTIONS = NO;
				ENABLE_STRICT_OBJC_MSGSEND = YES;
				GCC_C_LANGUAGE_STANDARD = gnu11;
				GCC_NO_COMMON_BLOCKS = YES;
				GCC_WARN_64_TO_32_BIT_CONVERSION = YES;
				GCC_WARN_ABOUT_RETURN_TYPE = YES_ERROR;
				GCC_WARN_UNDECLARED_SELECTOR = YES;
				GCC_WARN_UNINITIALIZED_AUTOS = YES_AGGRESSIVE;
				GCC_WARN_UNUSED_FUNCTION = YES;
				GCC_WARN_UNUSED_VARIABLE = YES;
				IPHONEOS_DEPLOYMENT_TARGET = 16.0;
				MTL_ENABLE_DEBUG_INFO = NO;
				MTL_FAST_MATH = YES;
				SDKROOT = iphoneos;
				SWIFT_COMPILATION_MODE = wholemodule;
				SWIFT_OPTIMIZATION_LEVEL = "-O";
				VALIDATE_PRODUCT = YES;
			};
			name = Release;
		};
		41C164F229899A780070AECE /* Debug */ = {
			isa = XCBuildConfiguration;
			buildSettings = {
				ASSETCATALOG_COMPILER_APPICON_NAME = AppIcon;
				ASSETCATALOG_COMPILER_GLOBAL_ACCENT_COLOR_NAME = AccentColor;
				CODE_SIGN_STYLE = Automatic;
				CURRENT_PROJECT_VERSION = 1;
				DEVELOPMENT_TEAM = 8VDSRR9AC7;
				GENERATE_INFOPLIST_FILE = YES;
				INFOPLIST_FILE = "AnimalQuiz/Supporting Files/Info.plist";
				INFOPLIST_KEY_UIApplicationSupportsIndirectInputEvents = YES;
				INFOPLIST_KEY_UILaunchStoryboardName = "";
				INFOPLIST_KEY_UIMainStoryboardFile = Main;
				INFOPLIST_KEY_UISupportedInterfaceOrientations = "UIInterfaceOrientationLandscapeLeft UIInterfaceOrientationLandscapeRight UIInterfaceOrientationPortrait";
				INFOPLIST_KEY_UISupportedInterfaceOrientations_iPad = "UIInterfaceOrientationLandscapeLeft UIInterfaceOrientationLandscapeRight UIInterfaceOrientationPortrait UIInterfaceOrientationPortraitUpsideDown";
				IPHONEOS_DEPLOYMENT_TARGET = 14.0;
				LD_RUNPATH_SEARCH_PATHS = (
					"$(inherited)",
					"@executable_path/Frameworks",
				);
				MARKETING_VERSION = 1.0;
				PRODUCT_BUNDLE_IDENTIFIER = com.mantrova.AnimalQuiz;
				PRODUCT_NAME = "$(TARGET_NAME)";
				SWIFT_EMIT_LOC_STRINGS = YES;
				SWIFT_VERSION = 5.0;
				TARGETED_DEVICE_FAMILY = "1,2";
			};
			name = Debug;
		};
		41C164F329899A780070AECE /* Release */ = {
			isa = XCBuildConfiguration;
			buildSettings = {
				ASSETCATALOG_COMPILER_APPICON_NAME = AppIcon;
				ASSETCATALOG_COMPILER_GLOBAL_ACCENT_COLOR_NAME = AccentColor;
				CODE_SIGN_STYLE = Automatic;
				CURRENT_PROJECT_VERSION = 1;
				DEVELOPMENT_TEAM = 8VDSRR9AC7;
				GENERATE_INFOPLIST_FILE = YES;
				INFOPLIST_FILE = "AnimalQuiz/Supporting Files/Info.plist";
				INFOPLIST_KEY_UIApplicationSupportsIndirectInputEvents = YES;
				INFOPLIST_KEY_UILaunchStoryboardName = "";
				INFOPLIST_KEY_UIMainStoryboardFile = Main;
				INFOPLIST_KEY_UISupportedInterfaceOrientations = "UIInterfaceOrientationLandscapeLeft UIInterfaceOrientationLandscapeRight UIInterfaceOrientationPortrait";
				INFOPLIST_KEY_UISupportedInterfaceOrientations_iPad = "UIInterfaceOrientationLandscapeLeft UIInterfaceOrientationLandscapeRight UIInterfaceOrientationPortrait UIInterfaceOrientationPortraitUpsideDown";
				IPHONEOS_DEPLOYMENT_TARGET = 14.0;
				LD_RUNPATH_SEARCH_PATHS = (
					"$(inherited)",
					"@executable_path/Frameworks",
				);
				MARKETING_VERSION = 1.0;
				PRODUCT_BUNDLE_IDENTIFIER = com.mantrova.AnimalQuiz;
				PRODUCT_NAME = "$(TARGET_NAME)";
				SWIFT_EMIT_LOC_STRINGS = YES;
				SWIFT_VERSION = 5.0;
				TARGETED_DEVICE_FAMILY = "1,2";
			};
			name = Release;
		};
/* End XCBuildConfiguration section */

/* Begin XCConfigurationList section */
		41C164D829899A750070AECE /* Build configuration list for PBXProject "AnimalQuiz" */ = {
			isa = XCConfigurationList;
			buildConfigurations = (
				41C164EF29899A780070AECE /* Debug */,
				41C164F029899A780070AECE /* Release */,
			);
			defaultConfigurationIsVisible = 0;
			defaultConfigurationName = Release;
		};
		41C164F129899A780070AECE /* Build configuration list for PBXNativeTarget "AnimalQuiz" */ = {
			isa = XCConfigurationList;
			buildConfigurations = (
				41C164F229899A780070AECE /* Debug */,
				41C164F329899A780070AECE /* Release */,
			);
			defaultConfigurationIsVisible = 0;
			defaultConfigurationName = Release;
		};
/* End XCConfigurationList section */
	};
	rootObject = 41C164D529899A750070AECE /* Project object */;
}
